Microsoft Visual Studio Solution File, Format Version 12.00
# Visual Studio Version 17
VisualStudioVersion = 17.5.2.0
MinimumVisualStudioVersion = 10.0.40219.1
Project("{FAE04EC0-301F-11D3-BF4B-00C04F79EFBC}") = "DenunciasWebApp", "DenunciasWebApp.csproj", "{E56C72A2-73D6-79D9-2D35-3311CDF3C6ED}"
EndProject
Global
	GlobalSection(SolutionConfigurationPlatforms) = preSolution
		Debug|Any CPU = Debug|Any CPU
		Release|Any CPU = Release|Any CPU
	EndGlobalSection
	GlobalSection(ProjectConfigurationPlatforms) = postSolution
		{E56C72A2-73D6-79D9-2D35-3311CDF3C6ED}.Debug|Any CPU.ActiveCfg = Debug|Any CPU
		{E56C72A2-73D6-79D9-2D35-3311CDF3C6ED}.Debug|Any CPU.Build.0 = Debug|Any CPU
		{E56C72A2-73D6-79D9-2D35-3311CDF3C6ED}.Release|Any CPU.ActiveCfg = Release|Any CPU
		{E56C72A2-73D6-79D9-2D35-3311CDF3C6ED}.Release|Any CPU.Build.0 = Release|Any CPU
	EndGlobalSection
	GlobalSection(SolutionProperties) = preSolution
		HideSolutionNode = FALSE
	EndGlobalSection
	GlobalSection(ExtensibilityGlobals) = postSolution
		SolutionGuid = {FAE1D577-8287-4DE7-A0EF-F95B176E76A2}
	EndGlobalSection
EndGlobal
